// !$*UTF8*$!
{
	archiveVersion = 1;
	classes = {
	};
	objectVersion = 50;
	objects = {

/* Begin PBXBuildFile section */
		429E95B026932071001F59EF /* Info.plist in Resources */ = {isa = PBXBuildFile; fileRef = 429E95AF26932071001F59EF /* Info.plist */; };
		E7261E8B268E6103003629D0 /* Data.m in Sources */ = {isa = PBXBuildFile; fileRef = E7261E8A268E6103003629D0 /* Data.m */; };
		E7A087F8268FB3F100267B2A /* RSKeyboard.m in Sources */ = {isa = PBXBuildFile; fileRef = E7A087F7268FB3F100267B2A /* RSKeyboard.m */; };
		E7D47C13268E50DB008C54C8 /* AppDelegate.m in Sources */ = {isa = PBXBuildFile; fileRef = E7D47C12268E50DB008C54C8 /* AppDelegate.m */; };
		E7D47C1E268E50DE008C54C8 /* Assets.xcassets in Resources */ = {isa = PBXBuildFile; fileRef = E7D47C1D268E50DE008C54C8 /* Assets.xcassets */; };
		E7D47C21268E50DE008C54C8 /* LaunchScreen.storyboard in Resources */ = {isa = PBXBuildFile; fileRef = E7D47C1F268E50DE008C54C8 /* LaunchScreen.storyboard */; };
		E7D47C24268E50DE008C54C8 /* main.m in Sources */ = {isa = PBXBuildFile; fileRef = E7D47C23268E50DE008C54C8 /* main.m */; };
		E7D47C2D268E51A5008C54C8 /* RSViewController.m in Sources */ = {isa = PBXBuildFile; fileRef = E7D47C2B268E51A5008C54C8 /* RSViewController.m */; };
		E7D47C2E268E51A5008C54C8 /* RSViewController.xib in Resources */ = {isa = PBXBuildFile; fileRef = E7D47C2C268E51A5008C54C8 /* RSViewController.xib */; };
/* End PBXBuildFile section */

/* Begin PBXFileReference section */
		429E95AF26932071001F59EF /* Info.plist */ = {isa = PBXFileReference; fileEncoding = 4; lastKnownFileType = text.plist.xml; path = Info.plist; sourceTree = "<group>"; };
		E7261E89268E6103003629D0 /* Data.h */ = {isa = PBXFileReference; lastKnownFileType = sourcecode.c.h; path = Data.h; sourceTree = "<group>"; };
		E7261E8A268E6103003629D0 /* Data.m */ = {isa = PBXFileReference; lastKnownFileType = sourcecode.c.objc; path = Data.m; sourceTree = "<group>"; };
		E7A087F6268FB3F100267B2A /* RSKeyboard.h */ = {isa = PBXFileReference; lastKnownFileType = sourcecode.c.h; path = RSKeyboard.h; sourceTree = "<group>"; };
		E7A087F7268FB3F100267B2A /* RSKeyboard.m */ = {isa = PBXFileReference; lastKnownFileType = sourcecode.c.objc; path = RSKeyboard.m; sourceTree = "<group>"; };
		E7D47C0E268E50DB008C54C8 /* RS7_task.app */ = {isa = PBXFileReference; explicitFileType = wrapper.application; includeInIndex = 0; path = RS7_task.app; sourceTree = BUILT_PRODUCTS_DIR; };
		E7D47C11268E50DB008C54C8 /* AppDelegate.h */ = {isa = PBXFileReference; lastKnownFileType = sourcecode.c.h; path = AppDelegate.h; sourceTree = "<group>"; };
		E7D47C12268E50DB008C54C8 /* AppDelegate.m */ = {isa = PBXFileReference; lastKnownFileType = sourcecode.c.objc; path = AppDelegate.m; sourceTree = "<group>"; };
		E7D47C1D268E50DE008C54C8 /* Assets.xcassets */ = {isa = PBXFileReference; lastKnownFileType = folder.assetcatalog; path = Assets.xcassets; sourceTree = "<group>"; };
		E7D47C20268E50DE008C54C8 /* Base */ = {isa = PBXFileReference; lastKnownFileType = file.storyboard; name = Base; path = Base.lproj/LaunchScreen.storyboard; sourceTree = "<group>"; };
		E7D47C23268E50DE008C54C8 /* main.m */ = {isa = PBXFileReference; lastKnownFileType = sourcecode.c.objc; path = main.m; sourceTree = "<group>"; };
		E7D47C2A268E51A5008C54C8 /* RSViewController.h */ = {isa = PBXFileReference; lastKnownFileType = sourcecode.c.h; path = RSViewController.h; sourceTree = "<group>"; };
		E7D47C2B268E51A5008C54C8 /* RSViewController.m */ = {isa = PBXFileReference; lastKnownFileType = sourcecode.c.objc; path = RSViewController.m; sourceTree = "<group>"; };
		E7D47C2C268E51A5008C54C8 /* RSViewController.xib */ = {isa = PBXFileReference; lastKnownFileType = file.xib; path = RSViewController.xib; sourceTree = "<group>"; };
/* End PBXFileReference section */

/* Begin PBXFrameworksBuildPhase section */
		E7D47C0B268E50DB008C54C8 /* Frameworks */ = {
			isa = PBXFrameworksBuildPhase;
			buildActionMask = 2147483647;
			files = (
			);
			runOnlyForDeploymentPostprocessing = 0;
		};
/* End PBXFrameworksBuildPhase section */

/* Begin PBXGroup section */
		E7D47C05268E50DB008C54C8 = {
			isa = PBXGroup;
			children = (
				E7D47C10268E50DB008C54C8 /* RS7_task */,
				E7D47C0F268E50DB008C54C8 /* Products */,
			);
			sourceTree = "<group>";
		};
		E7D47C0F268E50DB008C54C8 /* Products */ = {
			isa = PBXGroup;
			children = (
				E7D47C0E268E50DB008C54C8 /* RS7_task.app */,
			);
			name = Products;
			sourceTree = "<group>";
		};
		E7D47C10268E50DB008C54C8 /* RS7_task */ = {
			isa = PBXGroup;
			children = (
				E7261E89268E6103003629D0 /* Data.h */,
				E7261E8A268E6103003629D0 /* Data.m */,
				E7A087F6268FB3F100267B2A /* RSKeyboard.h */,
				E7A087F7268FB3F100267B2A /* RSKeyboard.m */,
				E7D47C2A268E51A5008C54C8 /* RSViewController.h */,
				E7D47C2B268E51A5008C54C8 /* RSViewController.m */,
				E7D47C11268E50DB008C54C8 /* AppDelegate.h */,
				E7D47C12268E50DB008C54C8 /* AppDelegate.m */,
				E7D47C2C268E51A5008C54C8 /* RSViewController.xib */,
				E7D47C1D268E50DE008C54C8 /* Assets.xcassets */,
				E7D47C1F268E50DE008C54C8 /* LaunchScreen.storyboard */,
				E7D47C23268E50DE008C54C8 /* main.m */,
				429E95AF26932071001F59EF /* Info.plist */,
			);
			path = RS7_task;
			sourceTree = "<group>";
		};
/* End PBXGroup section */

/* Begin PBXNativeTarget section */
		E7D47C0D268E50DB008C54C8 /* RS7_task */ = {
			isa = PBXNativeTarget;
			buildConfigurationList = E7D47C27268E50DE008C54C8 /* Build configuration list for PBXNativeTarget "RS7_task" */;
			buildPhases = (
				E7D47C0A268E50DB008C54C8 /* Sources */,
				E7D47C0B268E50DB008C54C8 /* Frameworks */,
				E7D47C0C268E50DB008C54C8 /* Resources */,
			);
			buildRules = (
			);
			dependencies = (
			);
			name = RS7_task;
			productName = Authorization_app;
			productReference = E7D47C0E268E50DB008C54C8 /* RS7_task.app */;
			productType = "com.apple.product-type.application";
		};
/* End PBXNativeTarget section */

/* Begin PBXProject section */
		E7D47C06268E50DB008C54C8 /* Project object */ = {
			isa = PBXProject;
			attributes = {
				LastUpgradeCheck = 1250;
				TargetAttributes = {
					E7D47C0D268E50DB008C54C8 = {
						CreatedOnToolsVersion = 12.5.1;
					};
				};
			};
			buildConfigurationList = E7D47C09268E50DB008C54C8 /* Build configuration list for PBXProject "RS7_task" */;
			compatibilityVersion = "Xcode 9.3";
			developmentRegion = en;
			hasScannedForEncodings = 0;
			knownRegions = (
				en,
				Base,
			);
			mainGroup = E7D47C05268E50DB008C54C8;
			productRefGroup = E7D47C0F268E50DB008C54C8 /* Products */;
			projectDirPath = "";
			projectRoot = "";
			targets = (
				E7D47C0D268E50DB008C54C8 /* RS7_task */,
			);
		};
/* End PBXProject section */

/* Begin PBXResourcesBuildPhase section */
		E7D47C0C268E50DB008C54C8 /* Resources */ = {
			isa = PBXResourcesBuildPhase;
			buildActionMask = 2147483647;
			files = (
				429E95B026932071001F59EF /* Info.plist in Resources */,
				E7D47C21268E50DE008C54C8 /* LaunchScreen.storyboard in Resources */,
				E7D47C2E268E51A5008C54C8 /* RSViewController.xib in Resources */,
				E7D47C1E268E50DE008C54C8 /* Assets.xcassets in Resources */,
			);
			runOnlyForDeploymentPostprocessing = 0;
		};
/* End PBXResourcesBuildPhase section */

/* Begin PBXSourcesBuildPhase section */
		E7D47C0A268E50DB008C54C8 /* Sources */ = {
			isa = PBXSourcesBuildPhase;
			buildActionMask = 2147483647;
			files = (
				E7D47C13268E50DB008C54C8 /* AppDelegate.m in Sources */,
				E7D47C24268E50DE008C54C8 /* main.m in Sources */,
				E7A087F8268FB3F100267B2A /* RSKeyboard.m in Sources */,
				E7D47C2D268E51A5008C54C8 /* RSViewController.m in Sources */,
				E7261E8B268E6103003629D0 /* Data.m in Sources */,
			);
			runOnlyForDeploymentPostprocessing = 0;
		};
/* End PBXSourcesBuildPhase section */

/* Begin PBXVariantGroup section */
		E7D47C1F268E50DE008C54C8 /* LaunchScreen.storyboard */ = {
			isa = PBXVariantGroup;
			children = (
				E7D47C20268E50DE008C54C8 /* Base */,
			);
			name = LaunchScreen.storyboard;
			sourceTree = "<group>";
		};
/* End PBXVariantGroup section */

/* Begin XCBuildConfiguration section */
		E7D47C25268E50DE008C54C8 /* Debug */ = {
			isa = XCBuildConfiguration;
			buildSettings = {
				ALWAYS_SEARCH_USER_PATHS = NO;
				CLANG_ANALYZER_NONNULL = YES;
				CLANG_ANALYZER_NUMBER_OBJECT_CONVERSION = YES_AGGRESSIVE;
				CLANG_CXX_LANGUAGE_STANDARD = "gnu++14";
				CLANG_CXX_LIBRARY = "libc++";
				CLANG_ENABLE_MODULES = YES;
				CLANG_ENABLE_OBJC_ARC = YES;
				CLANG_ENABLE_OBJC_WEAK = YES;
				CLANG_WARN_BLOCK_CAPTURE_AUTORELEASING = YES;
				CLANG_WARN_BOOL_CONVERSION = YES;
				CLANG_WARN_COMMA = YES;
				CLANG_WARN_CONSTANT_CONVERSION = YES;
				CLANG_WARN_DEPRECATED_OBJC_IMPLEMENTATIONS = YES;
				CLANG_WARN_DIRECT_OBJC_ISA_USAGE = YES_ERROR;
				CLANG_WARN_DOCUMENTATION_COMMENTS = YES;
				CLANG_WARN_EMPTY_BODY = YES;
				CLANG_WARN_ENUM_CONVERSION = YES;
				CLANG_WARN_INFINITE_RECURSION = YES;
				CLANG_WARN_INT_CONVERSION = YES;
				CLANG_WARN_NON_LITERAL_NULL_CONVERSION = YES;
				CLANG_WARN_OBJC_IMPLICIT_RETAIN_SELF = YES;
				CLANG_WARN_OBJC_LITERAL_CONVERSION = YES;
				CLANG_WARN_OBJC_ROOT_CLASS = YES_ERROR;
				CLANG_WARN_QUOTED_INCLUDE_IN_FRAMEWORK_HEADER = YES;
				CLANG_WARN_RANGE_LOOP_ANALYSIS = YES;
				CLANG_WARN_STRICT_PROTOTYPES = YES;
				CLANG_WARN_SUSPICIOUS_MOVE = YES;
				CLANG_WARN_UNGUARDED_AVAILABILITY = YES_AGGRESSIVE;
				CLANG_WARN_UNREACHABLE_CODE = YES;
				CLANG_WARN__DUPLICATE_METHOD_MATCH = YES;
				COPY_PHASE_STRIP = NO;
				DEBUG_INFORMATION_FORMAT = dwarf;
				ENABLE_STRICT_OBJC_MSGSEND = YES;
				ENABLE_TESTABILITY = YES;
				GCC_C_LANGUAGE_STANDARD = gnu11;
				GCC_DYNAMIC_NO_PIC = NO;
				GCC_NO_COMMON_BLOCKS = YES;
				GCC_OPTIMIZATION_LEVEL = 0;
				GCC_PREPROCESSOR_DEFINITIONS = (
					"DEBUG=1",
					"$(inherited)",
				);
				GCC_WARN_64_TO_32_BIT_CONVERSION = YES;
				GCC_WARN_ABOUT_RETURN_TYPE = YES_ERROR;
				GCC_WARN_UNDECLARED_SELECTOR = YES;
				GCC_WARN_UNINITIALIZED_AUTOS = YES_AGGRESSIVE;
				GCC_WARN_UNUSED_FUNCTION = YES;
				GCC_WARN_UNUSED_VARIABLE = YES;
				IPHONEOS_DEPLOYMENT_TARGET = 12.1;
				MTL_ENABLE_DEBUG_INFO = INCLUDE_SOURCE;
				MTL_FAST_MATH = YES;
				ONLY_ACTIVE_ARCH = YES;
				SDKROOT = iphoneos;
			};
			name = Debug;
		};
		E7D47C26268E50DE008C54C8 /* Release */ = {
			isa = XCBuildConfiguration;
			buildSettings = {
				ALWAYS_SEARCH_USER_PATHS = NO;
				CLANG_ANALYZER_NONNULL = YES;
				CLANG_ANALYZER_NUMBER_OBJECT_CONVERSION = YES_AGGRESSIVE;
				CLANG_CXX_LANGUAGE_STANDARD = "gnu++14";
				CLANG_CXX_LIBRARY = "libc++";
				CLANG_ENABLE_MODULES = YES;
				CLANG_ENABLE_OBJC_ARC = YES;
				CLANG_ENABLE_OBJC_WEAK = YES;
				CLANG_WARN_BLOCK_CAPTURE_AUTORELEASING = YES;
				CLANG_WARN_BOOL_CONVERSION = YES;
				CLANG_WARN_COMMA = YES;
				CLANG_WARN_CONSTANT_CONVERSION = YES;
				CLANG_WARN_DEPRECATED_OBJC_IMPLEMENTATIONS = YES;
				CLANG_WARN_DIRECT_OBJC_ISA_USAGE = YES_ERROR;
				CLANG_WARN_DOCUMENTATION_COMMENTS = YES;
				CLANG_WARN_EMPTY_BODY = YES;
				CLANG_WARN_ENUM_CONVERSION = YES;
				CLANG_WARN_INFINITE_RECURSION = YES;
				CLANG_WARN_INT_CONVERSION = YES;
				CLANG_WARN_NON_LITERAL_NULL_CONVERSION = YES;
				CLANG_WARN_OBJC_IMPLICIT_RETAIN_SELF = YES;
				CLANG_WARN_OBJC_LITERAL_CONVERSION = YES;
				CLANG_WARN_OBJC_ROOT_CLASS = YES_ERROR;
				CLANG_WARN_QUOTED_INCLUDE_IN_FRAMEWORK_HEADER = YES;
				CLANG_WARN_RANGE_LOOP_ANALYSIS = YES;
				CLANG_WARN_STRICT_PROTOTYPES = YES;
				CLANG_WARN_SUSPICIOUS_MOVE = YES;
				CLANG_WARN_UNGUARDED_AVAILABILITY = YES_AGGRESSIVE;
				CLANG_WARN_UNREACHABLE_CODE = YES;
				CLANG_WARN__DUPLICATE_METHOD_MATCH = YES;
				COPY_PHASE_STRIP = NO;
				DEBUG_INFORMATION_FORMAT = "dwarf-with-dsym";
				ENABLE_NS_ASSERTIONS = NO;
				ENABLE_STRICT_OBJC_MSGSEND = YES;
				GCC_C_LANGUAGE_STANDARD = gnu11;
				GCC_NO_COMMON_BLOCKS = YES;
				GCC_WARN_64_TO_32_BIT_CONVERSION = YES;
				GCC_WARN_ABOUT_RETURN_TYPE = YES_ERROR;
				GCC_WARN_UNDECLARED_SELECTOR = YES;
				GCC_WARN_UNINITIALIZED_AUTOS = YES_AGGRESSIVE;
				GCC_WARN_UNUSED_FUNCTION = YES;
				GCC_WARN_UNUSED_VARIABLE = YES;
				IPHONEOS_DEPLOYMENT_TARGET = 12.1;
				MTL_ENABLE_DEBUG_INFO = NO;
				MTL_FAST_MATH = YES;
				SDKROOT = iphoneos;
				VALIDATE_PRODUCT = YES;
			};
			name = Release;
		};
		E7D47C28268E50DE008C54C8 /* Debug */ = {
			isa = XCBuildConfiguration;
			buildSettings = {
				ASSETCATALOG_COMPILER_APPICON_NAME = AppIcon;
				ASSETCATALOG_COMPILER_GLOBAL_ACCENT_COLOR_NAME = AccentColor;
				CODE_SIGN_STYLE = Automatic;
				DEVELOPMENT_TEAM = "";
				INFOPLIST_FILE = RS7_task/Info.plist;
				LD_RUNPATH_SEARCH_PATHS = (
					"$(inherited)",
					"@executable_path/Frameworks",
				);
				PRODUCT_BUNDLE_IDENTIFIER = "yan.RS7-task";
				PRODUCT_NAME = "$(TARGET_NAME)";
				TARGETED_DEVICE_FAMILY = "1,2";
			};
			name = Debug;
		};
		E7D47C29268E50DE008C54C8 /* Release */ = {
			isa = XCBuildConfiguration;
			buildSettings = {
				ASSETCATALOG_COMPILER_APPICON_NAME = AppIcon;
				ASSETCATALOG_COMPILER_GLOBAL_ACCENT_COLOR_NAME = AccentColor;
				CODE_SIGN_STYLE = Automatic;
				DEVELOPMENT_TEAM = "";
				INFOPLIST_FILE = RS7_task/Info.plist;
				LD_RUNPATH_SEARCH_PATHS = (
					"$(inherited)",
					"@executable_path/Frameworks",
				);
				PRODUCT_BUNDLE_IDENTIFIER = "yan.RS7-task";
				PRODUCT_NAME = "$(TARGET_NAME)";
				TARGETED_DEVICE_FAMILY = "1,2";
			};
			name = Release;
		};
/* End XCBuildConfiguration section */

/* Begin XCConfigurationList section */
		E7D47C09268E50DB008C54C8 /* Build configuration list for PBXProject "RS7_task" */ = {
			isa = XCConfigurationList;
			buildConfigurations = (
				E7D47C25268E50DE008C54C8 /* Debug */,
				E7D47C26268E50DE008C54C8 /* Release */,
			);
			defaultConfigurationIsVisible = 0;
			defaultConfigurationName = Release;
		};
		E7D47C27268E50DE008C54C8 /* Build configuration list for PBXNativeTarget "RS7_task" */ = {
			isa = XCConfigurationList;
			buildConfigurations = (
				E7D47C28268E50DE008C54C8 /* Debug */,
				E7D47C29268E50DE008C54C8 /* Release */,
			);
			defaultConfigurationIsVisible = 0;
			defaultConfigurationName = Release;
		};
/* End XCConfigurationList section */
	};
	rootObject = E7D47C06268E50DB008C54C8 /* Project object */;
}
